
Microsoft Visual Studio Solution File, Format Version 12.00
# Visual Studio Version 16
VisualStudioVersion = 16.0.30523.141
MinimumVisualStudioVersion = 10.0.40219.1
Project("{FAE04EC0-301F-11D3-BF4B-00C04F79EFBC}") = "鹰眼OCR", "鹰眼OCR\鹰眼OCR.csproj", "{390C4D8F-158C-4314-9FA5-357BBC405B5E}"
EndProject
Project("{54435603-DBB4-11D2-8724-00A0C9A8B90C}") = "鹰眼OCR_打包", "鹰眼OCR_打包\鹰眼OCR_打包.vdproj", "{9B7F798D-BC2E-446A-80AE-E8BFF7A3EBB9}"
EndProject
Project("{8BC9CEB8-8B4A-11D0-8D11-00A0C91BC942}") = "重命名文件", "重命名文件\重命名文件.vcxproj", "{3085189A-D473-410D-BDC8-BBFD28574A16}"
EndProject
Global
	GlobalSection(SolutionConfigurationPlatforms) = preSolution
		Debug|Any CPU = Debug|Any CPU
		Debug|x64 = Debug|x64
		Debug|x86 = Debug|x86
		Release|Any CPU = Release|Any CPU
		Release|x64 = Release|x64
		Release|x86 = Release|x86
	EndGlobalSection
	GlobalSection(ProjectConfigurationPlatforms) = postSolution
		{390C4D8F-158C-4314-9FA5-357BBC405B5E}.Debug|Any CPU.ActiveCfg = Debug|Any CPU
		{390C4D8F-158C-4314-9FA5-357BBC405B5E}.Debug|Any CPU.Build.0 = Debug|Any CPU
		{390C4D8F-158C-4314-9FA5-357BBC405B5E}.Debug|x64.ActiveCfg = Debug|Any CPU
		{390C4D8F-158C-4314-9FA5-357BBC405B5E}.Debug|x64.Build.0 = Debug|Any CPU
		{390C4D8F-158C-4314-9FA5-357BBC405B5E}.Debug|x86.ActiveCfg = Debug|Any CPU
		{390C4D8F-158C-4314-9FA5-357BBC405B5E}.Debug|x86.Build.0 = Debug|Any CPU
		{390C4D8F-158C-4314-9FA5-357BBC405B5E}.Release|Any CPU.ActiveCfg = Release|Any CPU
		{390C4D8F-158C-4314-9FA5-357BBC405B5E}.Release|Any CPU.Build.0 = Release|Any CPU
		{390C4D8F-158C-4314-9FA5-357BBC405B5E}.Release|x64.ActiveCfg = Release|Any CPU
		{390C4D8F-158C-4314-9FA5-357BBC405B5E}.Release|x64.Build.0 = Release|Any CPU
		{390C4D8F-158C-4314-9FA5-357BBC405B5E}.Release|x86.ActiveCfg = Release|Any CPU
		{390C4D8F-158C-4314-9FA5-357BBC405B5E}.Release|x86.Build.0 = Release|Any CPU
		{9B7F798D-BC2E-446A-80AE-E8BFF7A3EBB9}.Debug|Any CPU.ActiveCfg = Debug
		{9B7F798D-BC2E-446A-80AE-E8BFF7A3EBB9}.Debug|Any CPU.Build.0 = Debug
		{9B7F798D-BC2E-446A-80AE-E8BFF7A3EBB9}.Debug|x64.ActiveCfg = Debug
		{9B7F798D-BC2E-446A-80AE-E8BFF7A3EBB9}.Debug|x86.ActiveCfg = Debug
		{9B7F798D-BC2E-446A-80AE-E8BFF7A3EBB9}.Release|Any CPU.ActiveCfg = Release
		{9B7F798D-BC2E-446A-80AE-E8BFF7A3EBB9}.Release|Any CPU.Build.0 = Release
		{9B7F798D-BC2E-446A-80AE-E8BFF7A3EBB9}.Release|x64.ActiveCfg = Release
		{9B7F798D-BC2E-446A-80AE-E8BFF7A3EBB9}.Release|x86.ActiveCfg = Release
		{3085189A-D473-410D-BDC8-BBFD28574A16}.Debug|Any CPU.ActiveCfg = Debug|Win32
		{3085189A-D473-410D-BDC8-BBFD28574A16}.Debug|x64.ActiveCfg = Debug|x64
		{3085189A-D473-410D-BDC8-BBFD28574A16}.Debug|x64.Build.0 = Debug|x64
		{3085189A-D473-410D-BDC8-BBFD28574A16}.Debug|x86.ActiveCfg = Debug|Win32
		{3085189A-D473-410D-BDC8-BBFD28574A16}.Debug|x86.Build.0 = Debug|Win32
		{3085189A-D473-410D-BDC8-BBFD28574A16}.Release|Any CPU.ActiveCfg = Release|Win32
		{3085189A-D473-410D-BDC8-BBFD28574A16}.Release|x64.ActiveCfg = Release|x64
		{3085189A-D473-410D-BDC8-BBFD28574A16}.Release|x64.Build.0 = Release|x64
		{3085189A-D473-410D-BDC8-BBFD28574A16}.Release|x86.ActiveCfg = Release|Win32
		{3085189A-D473-410D-BDC8-BBFD28574A16}.Release|x86.Build.0 = Release|Win32
	EndGlobalSection
	GlobalSection(SolutionProperties) = preSolution
		HideSolutionNode = FALSE
	EndGlobalSection
	GlobalSection(ExtensibilityGlobals) = postSolution
		SolutionGuid = {1028F9F7-3B6C-4A6E-9091-9D9E9FB94876}
	EndGlobalSection
EndGlobal
